github.com/yanuarultfah/refresh_golang_module v1.0.0 h1:r5MSt3/3YPXD+cLbXfR08mLDHf4Whew6qoDsJcGlcfI=
github.com/yanuarultfah/refresh_golang_module v1.0.0/go.mod h1:V2lTwG47iVLwE8A8NeTRVm3Wmc+xGP01fCKBk3AShm4=
github.com/yanuarultfah/refresh_golang_module v1.0.2 h1:dPybUi06Cskhut1toy4k0eQAFXyoVaONGKG+6kZXv5Y=
github.com/yanuarultfah/refresh_golang_module v1.0.2/go.mod h1:V2lTwG47iVLwE8A8NeTRVm3Wmc+xGP01fCKBk3AShm4=
